
Microsoft Visual Studio Solution File, Format Version 12.00
# Visual Studio 15
Project("{FAE04EC0-301F-11D3-BF4B-00C04F79EFBC}") = "vkvg.net", "vkvg\vkvg.net.csproj", "{583A2D15-A01F-4089-87A6-6C16409FC150}"
EndProject
Project("{FAE04EC0-301F-11D3-BF4B-00C04F79EFBC}") = "tests", "tests\tests.csproj", "{01841292-197F-40E2-9CED-46AF7CFE72A6}"
EndProject
Global
	GlobalSection(SolutionConfigurationPlatforms) = preSolution
		Debug|Any CPU = Debug|Any CPU
		Release|Any CPU = Release|Any CPU
	EndGlobalSection
	GlobalSection(ProjectConfigurationPlatforms) = postSolution
		{583A2D15-A01F-4089-87A6-6C16409FC150}.Debug|Any CPU.ActiveCfg = Debug|Any CPU
		{583A2D15-A01F-4089-87A6-6C16409FC150}.Debug|Any CPU.Build.0 = Debug|Any CPU
		{583A2D15-A01F-4089-87A6-6C16409FC150}.Release|Any CPU.ActiveCfg = Release|Any CPU
		{583A2D15-A01F-4089-87A6-6C16409FC150}.Release|Any CPU.Build.0 = Release|Any CPU
		{01841292-197F-40E2-9CED-46AF7CFE72A6}.Debug|Any CPU.ActiveCfg = Debug|Any CPU
		{01841292-197F-40E2-9CED-46AF7CFE72A6}.Debug|Any CPU.Build.0 = Debug|Any CPU
		{01841292-197F-40E2-9CED-46AF7CFE72A6}.Release|Any CPU.ActiveCfg = Release|Any CPU
		{01841292-197F-40E2-9CED-46AF7CFE72A6}.Release|Any CPU.Build.0 = Release|Any CPU
	EndGlobalSection
EndGlobal
