
Microsoft Visual Studio Solution File, Format Version 12.00
# Visual Studio Version 16
VisualStudioVersion = 16.0.30114.105
MinimumVisualStudioVersion = 10.0.40219.1
Project("{FAE04EC0-301F-11D3-BF4B-00C04F79EFBC}") = "vkvg.net", "vkvg.net\vkvg.net.csproj", "{E546E34E-7E9E-4B9E-AF82-6B37CE38C052}"
EndProject
Project("{2150E333-8FDC-42A3-9474-1A3956D46DE8}") = "samples", "samples", "{D38BEB0F-3F5E-4029-A2EF-220EAE036903}"
EndProject
Project("{FAE04EC0-301F-11D3-BF4B-00C04F79EFBC}") = "rectangles", "samples\rectangles\rectangles.csproj", "{5C65620B-FD73-4262-9907-EB2F3F97FA21}"
EndProject
Project("{FAE04EC0-301F-11D3-BF4B-00C04F79EFBC}") = "lines", "samples\lines\lines.csproj", "{1D7F4725-99E7-4417-99CE-F8F1F4A5774C}"
EndProject
Project("{FAE04EC0-301F-11D3-BF4B-00C04F79EFBC}") = "curve", "samples\curve\curve.csproj", "{17577740-2C4C-4ED8-B43E-53563F875EB5}"
EndProject
Project("{FAE04EC0-301F-11D3-BF4B-00C04F79EFBC}") = "rounded_rectangles", "samples\rounded_rectangles\rounded_rectangles.csproj", "{D044CB62-BCF1-4146-BBE6-C1EE4F62937B}"
EndProject
Project("{FAE04EC0-301F-11D3-BF4B-00C04F79EFBC}") = "texts", "samples\texts\texts.csproj", "{58610F79-0BD7-4D27-9F4F-C56447ED8469}"
EndProject
Project("{FAE04EC0-301F-11D3-BF4B-00C04F79EFBC}") = "save_restore", "samples\save_restore\save_restore.csproj", "{5A310B50-986F-43FA-A872-9B523E27E662}"
EndProject
Project("{FAE04EC0-301F-11D3-BF4B-00C04F79EFBC}") = "polytest", "samples\polytest\polytest.csproj", "{7D2D3189-C3DE-4C87-998A-DC2DC1A3C12F}"
EndProject
Global
	GlobalSection(SolutionConfigurationPlatforms) = preSolution
		Debug|Any CPU = Debug|Any CPU
		Release|Any CPU = Release|Any CPU
	EndGlobalSection
	GlobalSection(SolutionProperties) = preSolution
		HideSolutionNode = FALSE
	EndGlobalSection
	GlobalSection(ProjectConfigurationPlatforms) = postSolution
		{E546E34E-7E9E-4B9E-AF82-6B37CE38C052}.Debug|Any CPU.ActiveCfg = Debug|Any CPU
		{E546E34E-7E9E-4B9E-AF82-6B37CE38C052}.Debug|Any CPU.Build.0 = Debug|Any CPU
		{E546E34E-7E9E-4B9E-AF82-6B37CE38C052}.Release|Any CPU.ActiveCfg = Release|Any CPU
		{E546E34E-7E9E-4B9E-AF82-6B37CE38C052}.Release|Any CPU.Build.0 = Release|Any CPU
		{5C65620B-FD73-4262-9907-EB2F3F97FA21}.Debug|Any CPU.ActiveCfg = Debug|Any CPU
		{5C65620B-FD73-4262-9907-EB2F3F97FA21}.Debug|Any CPU.Build.0 = Debug|Any CPU
		{5C65620B-FD73-4262-9907-EB2F3F97FA21}.Release|Any CPU.ActiveCfg = Release|Any CPU
		{5C65620B-FD73-4262-9907-EB2F3F97FA21}.Release|Any CPU.Build.0 = Release|Any CPU
		{1D7F4725-99E7-4417-99CE-F8F1F4A5774C}.Debug|Any CPU.ActiveCfg = Debug|Any CPU
		{1D7F4725-99E7-4417-99CE-F8F1F4A5774C}.Debug|Any CPU.Build.0 = Debug|Any CPU
		{1D7F4725-99E7-4417-99CE-F8F1F4A5774C}.Release|Any CPU.ActiveCfg = Release|Any CPU
		{1D7F4725-99E7-4417-99CE-F8F1F4A5774C}.Release|Any CPU.Build.0 = Release|Any CPU
		{17577740-2C4C-4ED8-B43E-53563F875EB5}.Debug|Any CPU.ActiveCfg = Debug|Any CPU
		{17577740-2C4C-4ED8-B43E-53563F875EB5}.Debug|Any CPU.Build.0 = Debug|Any CPU
		{17577740-2C4C-4ED8-B43E-53563F875EB5}.Release|Any CPU.ActiveCfg = Release|Any CPU
		{17577740-2C4C-4ED8-B43E-53563F875EB5}.Release|Any CPU.Build.0 = Release|Any CPU
		{D044CB62-BCF1-4146-BBE6-C1EE4F62937B}.Debug|Any CPU.ActiveCfg = Debug|Any CPU
		{D044CB62-BCF1-4146-BBE6-C1EE4F62937B}.Debug|Any CPU.Build.0 = Debug|Any CPU
		{D044CB62-BCF1-4146-BBE6-C1EE4F62937B}.Release|Any CPU.ActiveCfg = Release|Any CPU
		{D044CB62-BCF1-4146-BBE6-C1EE4F62937B}.Release|Any CPU.Build.0 = Release|Any CPU
		{58610F79-0BD7-4D27-9F4F-C56447ED8469}.Debug|Any CPU.ActiveCfg = Debug|Any CPU
		{58610F79-0BD7-4D27-9F4F-C56447ED8469}.Debug|Any CPU.Build.0 = Debug|Any CPU
		{58610F79-0BD7-4D27-9F4F-C56447ED8469}.Release|Any CPU.ActiveCfg = Release|Any CPU
		{58610F79-0BD7-4D27-9F4F-C56447ED8469}.Release|Any CPU.Build.0 = Release|Any CPU
		{5A310B50-986F-43FA-A872-9B523E27E662}.Debug|Any CPU.ActiveCfg = Debug|Any CPU
		{5A310B50-986F-43FA-A872-9B523E27E662}.Debug|Any CPU.Build.0 = Debug|Any CPU
		{5A310B50-986F-43FA-A872-9B523E27E662}.Release|Any CPU.ActiveCfg = Release|Any CPU
		{5A310B50-986F-43FA-A872-9B523E27E662}.Release|Any CPU.Build.0 = Release|Any CPU
		{7D2D3189-C3DE-4C87-998A-DC2DC1A3C12F}.Debug|Any CPU.ActiveCfg = Debug|Any CPU
		{7D2D3189-C3DE-4C87-998A-DC2DC1A3C12F}.Debug|Any CPU.Build.0 = Debug|Any CPU
		{7D2D3189-C3DE-4C87-998A-DC2DC1A3C12F}.Release|Any CPU.ActiveCfg = Release|Any CPU
		{7D2D3189-C3DE-4C87-998A-DC2DC1A3C12F}.Release|Any CPU.Build.0 = Release|Any CPU
	EndGlobalSection
	GlobalSection(NestedProjects) = preSolution
		{5C65620B-FD73-4262-9907-EB2F3F97FA21} = {D38BEB0F-3F5E-4029-A2EF-220EAE036903}
		{1D7F4725-99E7-4417-99CE-F8F1F4A5774C} = {D38BEB0F-3F5E-4029-A2EF-220EAE036903}
		{17577740-2C4C-4ED8-B43E-53563F875EB5} = {D38BEB0F-3F5E-4029-A2EF-220EAE036903}
		{D044CB62-BCF1-4146-BBE6-C1EE4F62937B} = {D38BEB0F-3F5E-4029-A2EF-220EAE036903}
		{58610F79-0BD7-4D27-9F4F-C56447ED8469} = {D38BEB0F-3F5E-4029-A2EF-220EAE036903}
		{5A310B50-986F-43FA-A872-9B523E27E662} = {D38BEB0F-3F5E-4029-A2EF-220EAE036903}
		{7D2D3189-C3DE-4C87-998A-DC2DC1A3C12F} = {D38BEB0F-3F5E-4029-A2EF-220EAE036903}
	EndGlobalSection
EndGlobal
